// !$*UTF8*$!
{
	archiveVersion = 1;
	classes = {
	};
	objectVersion = 55;
	objects = {

/* Begin PBXBuildFile section */
		9755C8A7271E291300713C89 /* AppDelegate.swift in Sources */ = {isa = PBXBuildFile; fileRef = 9755C8A6271E291300713C89 /* AppDelegate.swift */; };
		9755C8A9271E291300713C89 /* SceneDelegate.swift in Sources */ = {isa = PBXBuildFile; fileRef = 9755C8A8271E291300713C89 /* SceneDelegate.swift */; };
		9755C8AB271E291300713C89 /* PrimeiraViewController.swift in Sources */ = {isa = PBXBuildFile; fileRef = 9755C8AA271E291300713C89 /* PrimeiraViewController.swift */; };
		9755C8AE271E291300713C89 /* Main.storyboard in Resources */ = {isa = PBXBuildFile; fileRef = 9755C8AC271E291300713C89 /* Main.storyboard */; };
		9755C8B0271E291600713C89 /* Assets.xcassets in Resources */ = {isa = PBXBuildFile; fileRef = 9755C8AF271E291600713C89 /* Assets.xcassets */; };
		9755C8B3271E291600713C89 /* LaunchScreen.storyboard in Resources */ = {isa = PBXBuildFile; fileRef = 9755C8B1271E291600713C89 /* LaunchScreen.storyboard */; };
		9755C8BF271E35FD00713C89 /* SegundaViewController.swift in Sources */ = {isa = PBXBuildFile; fileRef = 9755C8BE271E35FD00713C89 /* SegundaViewController.swift */; };
		97FE2229271E4BC300E4294F /* CollectionViewCell.swift in Sources */ = {isa = PBXBuildFile; fileRef = 97FE2228271E4BC300E4294F /* CollectionViewCell.swift */; };
/* End PBXBuildFile section */

/* Begin PBXFileReference section */
		9755C8A3271E291300713C89 /* DesafioDeRevisaoTabbar.app */ = {isa = PBXFileReference; explicitFileType = wrapper.application; includeInIndex = 0; path = DesafioDeRevisaoTabbar.app; sourceTree = BUILT_PRODUCTS_DIR; };
		9755C8A6271E291300713C89 /* AppDelegate.swift */ = {isa = PBXFileReference; lastKnownFileType = sourcecode.swift; path = AppDelegate.swift; sourceTree = "<group>"; };
		9755C8A8271E291300713C89 /* SceneDelegate.swift */ = {isa = PBXFileReference; lastKnownFileType = sourcecode.swift; path = SceneDelegate.swift; sourceTree = "<group>"; };
		9755C8AA271E291300713C89 /* PrimeiraViewController.swift */ = {isa = PBXFileReference; lastKnownFileType = sourcecode.swift; path = PrimeiraViewController.swift; sourceTree = "<group>"; };
		9755C8AD271E291300713C89 /* Base */ = {isa = PBXFileReference; lastKnownFileType = file.storyboard; name = Base; path = Base.lproj/Main.storyboard; sourceTree = "<group>"; };
		9755C8AF271E291600713C89 /* Assets.xcassets */ = {isa = PBXFileReference; lastKnownFileType = folder.assetcatalog; path = Assets.xcassets; sourceTree = "<group>"; };
		9755C8B2271E291600713C89 /* Base */ = {isa = PBXFileReference; lastKnownFileType = file.storyboard; name = Base; path = Base.lproj/LaunchScreen.storyboard; sourceTree = "<group>"; };
		9755C8B4271E291600713C89 /* Info.plist */ = {isa = PBXFileReference; lastKnownFileType = text.plist.xml; path = Info.plist; sourceTree = "<group>"; };
		9755C8BE271E35FD00713C89 /* SegundaViewController.swift */ = {isa = PBXFileReference; lastKnownFileType = sourcecode.swift; path = SegundaViewController.swift; sourceTree = "<group>"; };
		97FE2228271E4BC300E4294F /* CollectionViewCell.swift */ = {isa = PBXFileReference; lastKnownFileType = sourcecode.swift; path = CollectionViewCell.swift; sourceTree = "<group>"; };
/* End PBXFileReference section */

/* Begin PBXFrameworksBuildPhase section */
		9755C8A0271E291300713C89 /* Frameworks */ = {
			isa = PBXFrameworksBuildPhase;
			buildActionMask = 2147483647;
			files = (
			);
			runOnlyForDeploymentPostprocessing = 0;
		};
/* End PBXFrameworksBuildPhase section */

/* Begin PBXGroup section */
		9755C89A271E291300713C89 = {
			isa = PBXGroup;
			children = (
				9755C8A5271E291300713C89 /* DesafioDeRevisaoTabbar */,
				9755C8A4271E291300713C89 /* Products */,
			);
			sourceTree = "<group>";
		};
		9755C8A4271E291300713C89 /* Products */ = {
			isa = PBXGroup;
			children = (
				9755C8A3271E291300713C89 /* DesafioDeRevisaoTabbar.app */,
			);
			name = Products;
			sourceTree = "<group>";
		};
		9755C8A5271E291300713C89 /* DesafioDeRevisaoTabbar */ = {
			isa = PBXGroup;
			children = (
				9755C8BD271E2B2700713C89 /* Services */,
				9755C8BC271E2B1A00713C89 /* Model */,
				9755C8BB271E2B1000713C89 /* ViewModel */,
				9755C8BA271E2AFD00713C89 /* View */,
				9755C8A6271E291300713C89 /* AppDelegate.swift */,
				9755C8A8271E291300713C89 /* SceneDelegate.swift */,
				9755C8AA271E291300713C89 /* PrimeiraViewController.swift */,
				9755C8AC271E291300713C89 /* Main.storyboard */,
				9755C8AF271E291600713C89 /* Assets.xcassets */,
				9755C8B1271E291600713C89 /* LaunchScreen.storyboard */,
				9755C8B4271E291600713C89 /* Info.plist */,
				9755C8BE271E35FD00713C89 /* SegundaViewController.swift */,
			);
			path = DesafioDeRevisaoTabbar;
			sourceTree = "<group>";
		};
		9755C8BA271E2AFD00713C89 /* View */ = {
			isa = PBXGroup;
			children = (
				97FE2228271E4BC300E4294F /* CollectionViewCell.swift */,
			);
			path = View;
			sourceTree = "<group>";
		};
		9755C8BB271E2B1000713C89 /* ViewModel */ = {
			isa = PBXGroup;
			children = (
			);
			path = ViewModel;
			sourceTree = "<group>";
		};
		9755C8BC271E2B1A00713C89 /* Model */ = {
			isa = PBXGroup;
			children = (
			);
			path = Model;
			sourceTree = "<group>";
		};
		9755C8BD271E2B2700713C89 /* Services */ = {
			isa = PBXGroup;
			children = (
			);
			path = Services;
			sourceTree = "<group>";
		};
/* End PBXGroup section */

/* Begin PBXNativeTarget section */
		9755C8A2271E291300713C89 /* DesafioDeRevisaoTabbar */ = {
			isa = PBXNativeTarget;
			buildConfigurationList = 9755C8B7271E291600713C89 /* Build configuration list for PBXNativeTarget "DesafioDeRevisaoTabbar" */;
			buildPhases = (
				9755C89F271E291300713C89 /* Sources */,
				9755C8A0271E291300713C89 /* Frameworks */,
				9755C8A1271E291300713C89 /* Resources */,
			);
			buildRules = (
			);
			dependencies = (
			);
			name = DesafioDeRevisaoTabbar;
			productName = DesafioDeRevisaoTabbar;
			productReference = 9755C8A3271E291300713C89 /* DesafioDeRevisaoTabbar.app */;
			productType = "com.apple.product-type.application";
		};
/* End PBXNativeTarget section */

/* Begin PBXProject section */
		9755C89B271E291300713C89 /* Project object */ = {
			isa = PBXProject;
			attributes = {
				BuildIndependentTargetsInParallel = 1;
				LastSwiftUpdateCheck = 1300;
				LastUpgradeCheck = 1300;
				TargetAttributes = {
					9755C8A2271E291300713C89 = {
						CreatedOnToolsVersion = 13.0;
					};
				};
			};
			buildConfigurationList = 9755C89E271E291300713C89 /* Build configuration list for PBXProject "DesafioDeRevisaoTabbar" */;
			compatibilityVersion = "Xcode 13.0";
			developmentRegion = en;
			hasScannedForEncodings = 0;
			knownRegions = (
				en,
				Base,
			);
			mainGroup = 9755C89A271E291300713C89;
			productRefGroup = 9755C8A4271E291300713C89 /* Products */;
			projectDirPath = "";
			projectRoot = "";
			targets = (
				9755C8A2271E291300713C89 /* DesafioDeRevisaoTabbar */,
			);
		};
/* End PBXProject section */

/* Begin PBXResourcesBuildPhase section */
		9755C8A1271E291300713C89 /* Resources */ = {
			isa = PBXResourcesBuildPhase;
			buildActionMask = 2147483647;
			files = (
				9755C8B3271E291600713C89 /* LaunchScreen.storyboard in Resources */,
				9755C8B0271E291600713C89 /* Assets.xcassets in Resources */,
				9755C8AE271E291300713C89 /* Main.storyboard in Resources */,
			);
			runOnlyForDeploymentPostprocessing = 0;
		};
/* End PBXResourcesBuildPhase section */

/* Begin PBXSourcesBuildPhase section */
		9755C89F271E291300713C89 /* Sources */ = {
			isa = PBXSourcesBuildPhase;
			buildActionMask = 2147483647;
			files = (
				9755C8BF271E35FD00713C89 /* SegundaViewController.swift in Sources */,
				97FE2229271E4BC300E4294F /* CollectionViewCell.swift in Sources */,
				9755C8AB271E291300713C89 /* PrimeiraViewController.swift in Sources */,
				9755C8A7271E291300713C89 /* AppDelegate.swift in Sources */,
				9755C8A9271E291300713C89 /* SceneDelegate.swift in Sources */,
			);
			runOnlyForDeploymentPostprocessing = 0;
		};
/* End PBXSourcesBuildPhase section */

/* Begin PBXVariantGroup section */
		9755C8AC271E291300713C89 /* Main.storyboard */ = {
			isa = PBXVariantGroup;
			children = (
				9755C8AD271E291300713C89 /* Base */,
			);
			name = Main.storyboard;
			sourceTree = "<group>";
		};
		9755C8B1271E291600713C89 /* LaunchScreen.storyboard */ = {
			isa = PBXVariantGroup;
			children = (
				9755C8B2271E291600713C89 /* Base */,
			);
			name = LaunchScreen.storyboard;
			sourceTree = "<group>";
		};
/* End PBXVariantGroup section */

/* Begin XCBuildConfiguration section */
		9755C8B5271E291600713C89 /* Debug */ = {
			isa = XCBuildConfiguration;
			buildSettings = {
				ALWAYS_SEARCH_USER_PATHS = NO;
				CLANG_ANALYZER_NONNULL = YES;
				CLANG_ANALYZER_NUMBER_OBJECT_CONVERSION = YES_AGGRESSIVE;
				CLANG_CXX_LANGUAGE_STANDARD = "gnu++17";
				CLANG_CXX_LIBRARY = "libc++";
				CLANG_ENABLE_MODULES = YES;
				CLANG_ENABLE_OBJC_ARC = YES;
				CLANG_ENABLE_OBJC_WEAK = YES;
				CLANG_WARN_BLOCK_CAPTURE_AUTORELEASING = YES;
				CLANG_WARN_BOOL_CONVERSION = YES;
				CLANG_WARN_COMMA = YES;
				CLANG_WARN_CONSTANT_CONVERSION = YES;
				CLANG_WARN_DEPRECATED_OBJC_IMPLEMENTATIONS = YES;
				CLANG_WARN_DIRECT_OBJC_ISA_USAGE = YES_ERROR;
				CLANG_WARN_DOCUMENTATION_COMMENTS = YES;
				CLANG_WARN_EMPTY_BODY = YES;
				CLANG_WARN_ENUM_CONVERSION = YES;
				CLANG_WARN_INFINITE_RECURSION = YES;
				CLANG_WARN_INT_CONVERSION = YES;
				CLANG_WARN_NON_LITERAL_NULL_CONVERSION = YES;
				CLANG_WARN_OBJC_IMPLICIT_RETAIN_SELF = YES;
				CLANG_WARN_OBJC_LITERAL_CONVERSION = YES;
				CLANG_WARN_OBJC_ROOT_CLASS = YES_ERROR;
				CLANG_WARN_QUOTED_INCLUDE_IN_FRAMEWORK_HEADER = YES;
				CLANG_WARN_RANGE_LOOP_ANALYSIS = YES;
				CLANG_WARN_STRICT_PROTOTYPES = YES;
				CLANG_WARN_SUSPICIOUS_MOVE = YES;
				CLANG_WARN_UNGUARDED_AVAILABILITY = YES_AGGRESSIVE;
				CLANG_WARN_UNREACHABLE_CODE = YES;
				CLANG_WARN__DUPLICATE_METHOD_MATCH = YES;
				COPY_PHASE_STRIP = NO;
				DEBUG_INFORMATION_FORMAT = dwarf;
				ENABLE_STRICT_OBJC_MSGSEND = YES;
				ENABLE_TESTABILITY = YES;
				GCC_C_LANGUAGE_STANDARD = gnu11;
				GCC_DYNAMIC_NO_PIC = NO;
				GCC_NO_COMMON_BLOCKS = YES;
				GCC_OPTIMIZATION_LEVEL = 0;
				GCC_PREPROCESSOR_DEFINITIONS = (
					"DEBUG=1",
					"$(inherited)",
				);
				GCC_WARN_64_TO_32_BIT_CONVERSION = YES;
				GCC_WARN_ABOUT_RETURN_TYPE = YES_ERROR;
				GCC_WARN_UNDECLARED_SELECTOR = YES;
				GCC_WARN_UNINITIALIZED_AUTOS = YES_AGGRESSIVE;
				GCC_WARN_UNUSED_FUNCTION = YES;
				GCC_WARN_UNUSED_VARIABLE = YES;
				IPHONEOS_DEPLOYMENT_TARGET = 15.0;
				MTL_ENABLE_DEBUG_INFO = INCLUDE_SOURCE;
				MTL_FAST_MATH = YES;
				ONLY_ACTIVE_ARCH = YES;
				SDKROOT = iphoneos;
				SWIFT_ACTIVE_COMPILATION_CONDITIONS = DEBUG;
				SWIFT_OPTIMIZATION_LEVEL = "-Onone";
			};
			name = Debug;
		};
		9755C8B6271E291600713C89 /* Release */ = {
			isa = XCBuildConfiguration;
			buildSettings = {
				ALWAYS_SEARCH_USER_PATHS = NO;
				CLANG_ANALYZER_NONNULL = YES;
				CLANG_ANALYZER_NUMBER_OBJECT_CONVERSION = YES_AGGRESSIVE;
				CLANG_CXX_LANGUAGE_STANDARD = "gnu++17";
				CLANG_CXX_LIBRARY = "libc++";
				CLANG_ENABLE_MODULES = YES;
				CLANG_ENABLE_OBJC_ARC = YES;
				CLANG_ENABLE_OBJC_WEAK = YES;
				CLANG_WARN_BLOCK_CAPTURE_AUTORELEASING = YES;
				CLANG_WARN_BOOL_CONVERSION = YES;
				CLANG_WARN_COMMA = YES;
				CLANG_WARN_CONSTANT_CONVERSION = YES;
				CLANG_WARN_DEPRECATED_OBJC_IMPLEMENTATIONS = YES;
				CLANG_WARN_DIRECT_OBJC_ISA_USAGE = YES_ERROR;
				CLANG_WARN_DOCUMENTATION_COMMENTS = YES;
				CLANG_WARN_EMPTY_BODY = YES;
				CLANG_WARN_ENUM_CONVERSION = YES;
				CLANG_WARN_INFINITE_RECURSION = YES;
				CLANG_WARN_INT_CONVERSION = YES;
				CLANG_WARN_NON_LITERAL_NULL_CONVERSION = YES;
				CLANG_WARN_OBJC_IMPLICIT_RETAIN_SELF = YES;
				CLANG_WARN_OBJC_LITERAL_CONVERSION = YES;
				CLANG_WARN_OBJC_ROOT_CLASS = YES_ERROR;
				CLANG_WARN_QUOTED_INCLUDE_IN_FRAMEWORK_HEADER = YES;
				CLANG_WARN_RANGE_LOOP_ANALYSIS = YES;
				CLANG_WARN_STRICT_PROTOTYPES = YES;
				CLANG_WARN_SUSPICIOUS_MOVE = YES;
				CLANG_WARN_UNGUARDED_AVAILABILITY = YES_AGGRESSIVE;
				CLANG_WARN_UNREACHABLE_CODE = YES;
				CLANG_WARN__DUPLICATE_METHOD_MATCH = YES;
				COPY_PHASE_STRIP = NO;
				DEBUG_INFORMATION_FORMAT = "dwarf-with-dsym";
				ENABLE_NS_ASSERTIONS = NO;
				ENABLE_STRICT_OBJC_MSGSEND = YES;
				GCC_C_LANGUAGE_STANDARD = gnu11;
				GCC_NO_COMMON_BLOCKS = YES;
				GCC_WARN_64_TO_32_BIT_CONVERSION = YES;
				GCC_WARN_ABOUT_RETURN_TYPE = YES_ERROR;
				GCC_WARN_UNDECLARED_SELECTOR = YES;
				GCC_WARN_UNINITIALIZED_AUTOS = YES_AGGRESSIVE;
				GCC_WARN_UNUSED_FUNCTION = YES;
				GCC_WARN_UNUSED_VARIABLE = YES;
				IPHONEOS_DEPLOYMENT_TARGET = 15.0;
				MTL_ENABLE_DEBUG_INFO = NO;
				MTL_FAST_MATH = YES;
				SDKROOT = iphoneos;
				SWIFT_COMPILATION_MODE = wholemodule;
				SWIFT_OPTIMIZATION_LEVEL = "-O";
				VALIDATE_PRODUCT = YES;
			};
			name = Release;
		};
		9755C8B8271E291600713C89 /* Debug */ = {
			isa = XCBuildConfiguration;
			buildSettings = {
				ASSETCATALOG_COMPILER_APPICON_NAME = AppIcon;
				ASSETCATALOG_COMPILER_GLOBAL_ACCENT_COLOR_NAME = AccentColor;
				CODE_SIGN_STYLE = Automatic;
				CURRENT_PROJECT_VERSION = 1;
				DEVELOPMENT_TEAM = H9GBXRPU58;
				GENERATE_INFOPLIST_FILE = YES;
				INFOPLIST_FILE = DesafioDeRevisaoTabbar/Info.plist;
				INFOPLIST_KEY_UIApplicationSupportsIndirectInputEvents = YES;
				INFOPLIST_KEY_UILaunchStoryboardName = LaunchScreen;
				INFOPLIST_KEY_UIMainStoryboardFile = Main;
				INFOPLIST_KEY_UISupportedInterfaceOrientations_iPad = "UIInterfaceOrientationPortrait UIInterfaceOrientationPortraitUpsideDown UIInterfaceOrientationLandscapeLeft UIInterfaceOrientationLandscapeRight";
				INFOPLIST_KEY_UISupportedInterfaceOrientations_iPhone = "UIInterfaceOrientationPortrait UIInterfaceOrientationLandscapeLeft UIInterfaceOrientationLandscapeRight";
				LD_RUNPATH_SEARCH_PATHS = (
					"$(inherited)",
					"@executable_path/Frameworks",
				);
				MARKETING_VERSION = 1.0;
				PRODUCT_BUNDLE_IDENTIFIER = br.com.digitalhouse.DesafioDeRevisaoTabbar;
				PRODUCT_NAME = "$(TARGET_NAME)";
				SWIFT_EMIT_LOC_STRINGS = YES;
				SWIFT_VERSION = 5.0;
				TARGETED_DEVICE_FAMILY = "1,2";
			};
			name = Debug;
		};
		9755C8B9271E291600713C89 /* Release */ = {
			isa = XCBuildConfiguration;
			buildSettings = {
				ASSETCATALOG_COMPILER_APPICON_NAME = AppIcon;
				ASSETCATALOG_COMPILER_GLOBAL_ACCENT_COLOR_NAME = AccentColor;
				CODE_SIGN_STYLE = Automatic;
				CURRENT_PROJECT_VERSION = 1;
				DEVELOPMENT_TEAM = H9GBXRPU58;
				GENERATE_INFOPLIST_FILE = YES;
				INFOPLIST_FILE = DesafioDeRevisaoTabbar/Info.plist;
				INFOPLIST_KEY_UIApplicationSupportsIndirectInputEvents = YES;
				INFOPLIST_KEY_UILaunchStoryboardName = LaunchScreen;
				INFOPLIST_KEY_UIMainStoryboardFile = Main;
				INFOPLIST_KEY_UISupportedInterfaceOrientations_iPad = "UIInterfaceOrientationPortrait UIInterfaceOrientationPortraitUpsideDown UIInterfaceOrientationLandscapeLeft UIInterfaceOrientationLandscapeRight";
				INFOPLIST_KEY_UISupportedInterfaceOrientations_iPhone = "UIInterfaceOrientationPortrait UIInterfaceOrientationLandscapeLeft UIInterfaceOrientationLandscapeRight";
				LD_RUNPATH_SEARCH_PATHS = (
					"$(inherited)",
					"@executable_path/Frameworks",
				);
				MARKETING_VERSION = 1.0;
				PRODUCT_BUNDLE_IDENTIFIER = br.com.digitalhouse.DesafioDeRevisaoTabbar;
				PRODUCT_NAME = "$(TARGET_NAME)";
				SWIFT_EMIT_LOC_STRINGS = YES;
				SWIFT_VERSION = 5.0;
				TARGETED_DEVICE_FAMILY = "1,2";
			};
			name = Release;
		};
/* End XCBuildConfiguration section */

/* Begin XCConfigurationList section */
		9755C89E271E291300713C89 /* Build configuration list for PBXProject "DesafioDeRevisaoTabbar" */ = {
			isa = XCConfigurationList;
			buildConfigurations = (
				9755C8B5271E291600713C89 /* Debug */,
				9755C8B6271E291600713C89 /* Release */,
			);
			defaultConfigurationIsVisible = 0;
			defaultConfigurationName = Release;
		};
		9755C8B7271E291600713C89 /* Build configuration list for PBXNativeTarget "DesafioDeRevisaoTabbar" */ = {
			isa = XCConfigurationList;
			buildConfigurations = (
				9755C8B8271E291600713C89 /* Debug */,
				9755C8B9271E291600713C89 /* Release */,
			);
			defaultConfigurationIsVisible = 0;
			defaultConfigurationName = Release;
		};
/* End XCConfigurationList section */
	};
	rootObject = 9755C89B271E291300713C89 /* Project object */;
}
